
Microsoft Visual Studio Solution File, Format Version 12.00
# Visual Studio 15
VisualStudioVersion = 15.0.28307.421
MinimumVisualStudioVersion = 10.0.40219.1
Project("{8BC9CEB8-8B4A-11D0-8D11-00A0C91BC942}") = "chain33-qt", "chain33-qt.vcxproj", "{178E876E-52E6-38EA-94BD-59F94A63A69D}"
EndProject
Global
	GlobalSection(SolutionConfigurationPlatforms) = preSolution
		Debug|x64 = Debug|x64
		Release|x64 = Release|x64
	EndGlobalSection
	GlobalSection(ProjectConfigurationPlatforms) = postSolution
		{178E876E-52E6-38EA-94BD-59F94A63A69D}.Debug|x64.ActiveCfg = Debug|x64
		{178E876E-52E6-38EA-94BD-59F94A63A69D}.Debug|x64.Build.0 = Debug|x64
		{178E876E-52E6-38EA-94BD-59F94A63A69D}.Release|x64.ActiveCfg = Release|x64
		{178E876E-52E6-38EA-94BD-59F94A63A69D}.Release|x64.Build.0 = Release|x64
	EndGlobalSection
	GlobalSection(SolutionProperties) = preSolution
		HideSolutionNode = FALSE
	EndGlobalSection
	GlobalSection(ExtensibilityGlobals) = postSolution
		SolutionGuid = {2D163331-A417-413B-912A-2DC466400267}
	EndGlobalSection
EndGlobal
